{
  "version": "3",
  "packages": {
    "specifiers": {
      "jsr:@std/assert": "jsr:@std/assert@1.0.6",
      "jsr:@std/internal@^1.0.4": "jsr:@std/internal@1.0.4",
      "npm:sax-ts@^1.2.13": "npm:sax-ts@1.2.13",
      "npm:typescript@^5.6.2": "npm:typescript@5.6.2"
    },
    "jsr": {
      "@std/assert@1.0.6": {
        "integrity": "1904c05806a25d94fe791d6d883b685c9e2dcd60e4f9fc30f4fc5cf010c72207",
        "dependencies": [
          "jsr:@std/internal@^1.0.4"
        ]
      },
      "@std/internal@1.0.4": {
        "integrity": "62e8e4911527e5e4f307741a795c0b0a9e6958d0b3790716ae71ce085f755422"
      }
    },
    "npm": {
      "sax-ts@1.2.13": {
        "integrity": "sha512-0gQHhYRpl/SwsJtjrG++WJXnkkfp2QIsDB9NpJjM2ddcnCsxdMT4DWX2CMuSPv2qjASdDVCCw5qTkeKOrY7E3Q==",
        "dependencies": {}
      },
      "typescript@5.6.2": {
        "integrity": "sha512-NW8ByodCSNCwZeghjN3o+JX5OFH0Ojg6sadjEKY4huZ52TqbJTJnDo5+Tw98lSy63NZvi4n+ez5m2u5d4PkZyw==",
        "dependencies": {}
      }
    }
  },
  "remote": {},
  "workspace": {
    "packageJson": {
      "dependencies": [
        "npm:sax-ts@^1.2.13",
        "npm:typescript@^5.6.2"
      ]
    }
  }
}
